{
  "object": {
    "pins": [
      {
        "package": "DefaultCodable",
        "repositoryURL": "https://github.com/gonzalezreal/DefaultCodable",
        "state": {
          "branch": "master",
          "revision": "b75cdb44b772cdd278ea0d029d3f079384b0d87d",
          "version": null
        }
      },
      {
        "package": "SwiftyJSON",
        "repositoryURL": "https://github.com/SwiftyJSON/SwiftyJSON",
        "state": {
          "branch": null,
          "revision": "b3dcd7dbd0d488e1a7077cb33b00f2083e382f07",
          "version": "5.0.1"
        }
      },
      {
        "package": "Versionable",
        "repositoryURL": "https://github.com/krzysztofzablocki/Versionable",
        "state": {
          "branch": "master",
          "revision": "4dd5a2215270ecde78e20830cec0ac0bb76084c3",
          "version": null
        }
      }
    ]
  },
  "version": 1
}
